{
  "version": "4",
  "specifiers": {
    "jsr:@askua/core@^1.1.2": "1.1.2",
    "jsr:@std/assert@^1.0.11": "1.0.11",
    "jsr:@std/internal@^1.0.5": "1.0.5"
  },
  "jsr": {
    "@askua/core@1.1.2": {
      "integrity": "87a049cfcd9927b61ebdf10a04b6ddcc2d5c2ed7f1f3dd0401522f4d7486ab81"
    },
    "@std/assert@1.0.11": {
      "integrity": "2461ef3c368fe88bc60e186e7744a93112f16fd110022e113a0849e94d1c83c1",
      "dependencies": [
        "jsr:@std/internal"
      ]
    },
    "@std/internal@1.0.5": {
      "integrity": "54a546004f769c1ac9e025abd15a76b6671ddc9687e2313b67376125650dc7ba"
    }
  },
  "workspace": {
    "dependencies": [
      "jsr:@askua/core@^1.1.2",
      "jsr:@std/assert@^1.0.11"
    ]
  }
}
